
Microsoft Visual Studio Solution File, Format Version 12.00
# Visual Studio Version 17
VisualStudioVersion = 17.4.33205.214
MinimumVisualStudioVersion = 10.0.40219.1
Project("{2150E333-8FDC-42A3-9474-1A3956D46DE8}") = "Common", "Common", "{62490DF9-C257-4A10-A66E-68E18434B4FC}"
EndProject
Project("{9A19103F-16F7-4668-BE54-9A1E7A4F7556}") = "Domain", "src\Domain\Domain.csproj", "{30E245E0-E26D-431F-A7D6-FCE47C7BA1BF}"
EndProject
Project("{9A19103F-16F7-4668-BE54-9A1E7A4F7556}") = "Application", "src\Application\Application.csproj", "{3981DAAE-92CC-4E9B-BA3D-9F8155ACEB36}"
EndProject
Project("{FAE04EC0-301F-11D3-BF4B-00C04F79EFBC}") = "Infrastructure", "src\Infrastructure\Infrastructure.csproj", "{770A1E41-7FF4-47C8-AFFA-8E952EF9F2AA}"
EndProject
Global
	GlobalSection(SolutionConfigurationPlatforms) = preSolution
		Debug|Any CPU = Debug|Any CPU
		Release|Any CPU = Release|Any CPU
	EndGlobalSection
	GlobalSection(ProjectConfigurationPlatforms) = postSolution
		{30E245E0-E26D-431F-A7D6-FCE47C7BA1BF}.Debug|Any CPU.ActiveCfg = Debug|Any CPU
		{30E245E0-E26D-431F-A7D6-FCE47C7BA1BF}.Debug|Any CPU.Build.0 = Debug|Any CPU
		{30E245E0-E26D-431F-A7D6-FCE47C7BA1BF}.Release|Any CPU.ActiveCfg = Release|Any CPU
		{30E245E0-E26D-431F-A7D6-FCE47C7BA1BF}.Release|Any CPU.Build.0 = Release|Any CPU
		{3981DAAE-92CC-4E9B-BA3D-9F8155ACEB36}.Debug|Any CPU.ActiveCfg = Debug|Any CPU
		{3981DAAE-92CC-4E9B-BA3D-9F8155ACEB36}.Debug|Any CPU.Build.0 = Debug|Any CPU
		{3981DAAE-92CC-4E9B-BA3D-9F8155ACEB36}.Release|Any CPU.ActiveCfg = Release|Any CPU
		{3981DAAE-92CC-4E9B-BA3D-9F8155ACEB36}.Release|Any CPU.Build.0 = Release|Any CPU
		{770A1E41-7FF4-47C8-AFFA-8E952EF9F2AA}.Debug|Any CPU.ActiveCfg = Debug|Any CPU
		{770A1E41-7FF4-47C8-AFFA-8E952EF9F2AA}.Debug|Any CPU.Build.0 = Debug|Any CPU
		{770A1E41-7FF4-47C8-AFFA-8E952EF9F2AA}.Release|Any CPU.ActiveCfg = Release|Any CPU
		{770A1E41-7FF4-47C8-AFFA-8E952EF9F2AA}.Release|Any CPU.Build.0 = Release|Any CPU
	EndGlobalSection
	GlobalSection(SolutionProperties) = preSolution
		HideSolutionNode = FALSE
	EndGlobalSection
	GlobalSection(NestedProjects) = preSolution
		{30E245E0-E26D-431F-A7D6-FCE47C7BA1BF} = {62490DF9-C257-4A10-A66E-68E18434B4FC}
		{3981DAAE-92CC-4E9B-BA3D-9F8155ACEB36} = {62490DF9-C257-4A10-A66E-68E18434B4FC}
		{770A1E41-7FF4-47C8-AFFA-8E952EF9F2AA} = {62490DF9-C257-4A10-A66E-68E18434B4FC}
	EndGlobalSection
	GlobalSection(ExtensibilityGlobals) = postSolution
		SolutionGuid = {5CCB47D2-E5B3-4D44-9775-22733D9CBF0F}
	EndGlobalSection
EndGlobal
