
Microsoft Visual Studio Solution File, Format Version 12.00
# Visual Studio Version 17
VisualStudioVersion = 17.4.33205.214
MinimumVisualStudioVersion = 10.0.40219.1
Project("{2150E333-8FDC-42A3-9474-1A3956D46DE8}") = "Common", "Common", "{62490DF9-C257-4A10-A66E-68E18434B4FC}"
EndProject
Project("{9A19103F-16F7-4668-BE54-9A1E7A4F7556}") = "Domain", "src\Domain\Domain.csproj", "{30E245E0-E26D-431F-A7D6-FCE47C7BA1BF}"
EndProject
Project("{9A19103F-16F7-4668-BE54-9A1E7A4F7556}") = "Application", "src\Application\Application.csproj", "{3981DAAE-92CC-4E9B-BA3D-9F8155ACEB36}"
EndProject
Project("{9A19103F-16F7-4668-BE54-9A1E7A4F7556}") = "Infrastructure", "src\Infrastructure\Infrastructure.csproj", "{770A1E41-7FF4-47C8-AFFA-8E952EF9F2AA}"
EndProject
Project("{2150E333-8FDC-42A3-9474-1A3956D46DE8}") = "Services", "Services", "{61AD0CEE-B622-426A-9FE6-396331C62F91}"
EndProject
Project("{9A19103F-16F7-4668-BE54-9A1E7A4F7556}") = "Console", "src\Console\Console.csproj", "{8EBCD920-72FA-4CEE-84B3-3A589F7ED75F}"
EndProject
Project("{2150E333-8FDC-42A3-9474-1A3956D46DE8}") = "Tests", "Tests", "{FA9C86C6-B48A-407E-9D72-F65DA92219CC}"
EndProject
Project("{FAE04EC0-301F-11D3-BF4B-00C04F79EFBC}") = "Haystac.UnitTests", "test\Haystac.UnitTests\Haystac.UnitTests.csproj", "{6D08C524-BCCF-464D-987B-A4FC6831804B}"
EndProject
Global
	GlobalSection(SolutionConfigurationPlatforms) = preSolution
		Debug|Any CPU = Debug|Any CPU
		Release|Any CPU = Release|Any CPU
	EndGlobalSection
	GlobalSection(ProjectConfigurationPlatforms) = postSolution
		{30E245E0-E26D-431F-A7D6-FCE47C7BA1BF}.Debug|Any CPU.ActiveCfg = Debug|Any CPU
		{30E245E0-E26D-431F-A7D6-FCE47C7BA1BF}.Debug|Any CPU.Build.0 = Debug|Any CPU
		{30E245E0-E26D-431F-A7D6-FCE47C7BA1BF}.Release|Any CPU.ActiveCfg = Release|Any CPU
		{30E245E0-E26D-431F-A7D6-FCE47C7BA1BF}.Release|Any CPU.Build.0 = Release|Any CPU
		{3981DAAE-92CC-4E9B-BA3D-9F8155ACEB36}.Debug|Any CPU.ActiveCfg = Debug|Any CPU
		{3981DAAE-92CC-4E9B-BA3D-9F8155ACEB36}.Debug|Any CPU.Build.0 = Debug|Any CPU
		{3981DAAE-92CC-4E9B-BA3D-9F8155ACEB36}.Release|Any CPU.ActiveCfg = Release|Any CPU
		{3981DAAE-92CC-4E9B-BA3D-9F8155ACEB36}.Release|Any CPU.Build.0 = Release|Any CPU
		{770A1E41-7FF4-47C8-AFFA-8E952EF9F2AA}.Debug|Any CPU.ActiveCfg = Debug|Any CPU
		{770A1E41-7FF4-47C8-AFFA-8E952EF9F2AA}.Debug|Any CPU.Build.0 = Debug|Any CPU
		{770A1E41-7FF4-47C8-AFFA-8E952EF9F2AA}.Release|Any CPU.ActiveCfg = Release|Any CPU
		{770A1E41-7FF4-47C8-AFFA-8E952EF9F2AA}.Release|Any CPU.Build.0 = Release|Any CPU
		{8EBCD920-72FA-4CEE-84B3-3A589F7ED75F}.Debug|Any CPU.ActiveCfg = Debug|Any CPU
		{8EBCD920-72FA-4CEE-84B3-3A589F7ED75F}.Debug|Any CPU.Build.0 = Debug|Any CPU
		{8EBCD920-72FA-4CEE-84B3-3A589F7ED75F}.Release|Any CPU.ActiveCfg = Release|Any CPU
		{8EBCD920-72FA-4CEE-84B3-3A589F7ED75F}.Release|Any CPU.Build.0 = Release|Any CPU
		{6D08C524-BCCF-464D-987B-A4FC6831804B}.Debug|Any CPU.ActiveCfg = Debug|Any CPU
		{6D08C524-BCCF-464D-987B-A4FC6831804B}.Debug|Any CPU.Build.0 = Debug|Any CPU
		{6D08C524-BCCF-464D-987B-A4FC6831804B}.Release|Any CPU.ActiveCfg = Release|Any CPU
		{6D08C524-BCCF-464D-987B-A4FC6831804B}.Release|Any CPU.Build.0 = Release|Any CPU
	EndGlobalSection
	GlobalSection(SolutionProperties) = preSolution
		HideSolutionNode = FALSE
	EndGlobalSection
	GlobalSection(NestedProjects) = preSolution
		{30E245E0-E26D-431F-A7D6-FCE47C7BA1BF} = {62490DF9-C257-4A10-A66E-68E18434B4FC}
		{3981DAAE-92CC-4E9B-BA3D-9F8155ACEB36} = {62490DF9-C257-4A10-A66E-68E18434B4FC}
		{770A1E41-7FF4-47C8-AFFA-8E952EF9F2AA} = {62490DF9-C257-4A10-A66E-68E18434B4FC}
		{8EBCD920-72FA-4CEE-84B3-3A589F7ED75F} = {61AD0CEE-B622-426A-9FE6-396331C62F91}
		{6D08C524-BCCF-464D-987B-A4FC6831804B} = {FA9C86C6-B48A-407E-9D72-F65DA92219CC}
	EndGlobalSection
	GlobalSection(ExtensibilityGlobals) = postSolution
		SolutionGuid = {5CCB47D2-E5B3-4D44-9775-22733D9CBF0F}
	EndGlobalSection
EndGlobal
